{
  "name": "serene_sphere",
  "lockfileVersion": 3,
  "requires": true,
  "packages": {
    "": {
      "dependencies": {
        "react-animated-dots": "^1.1.0"
      }
    },
    "node_modules/@babel/code-frame": {
      "version": "7.26.2",
      "resolved": "https://registry.npmjs.org/@babel/code-frame/-/code-frame-7.26.2.tgz",
      "integrity": "sha512-RJlIHRueQgwWitWgF8OdFYGZX328Ax5BCemNGlqHfplnRT9ESi8JkFlvaVYbS+UubVY6dpv87Fs2u5M29iNFVQ==",
      "license": "MIT",
      "dependencies": {
        "@babel/helper-validator-identifier": "^7.25.9",
        "js-tokens": "^4.0.0",
        "picocolors": "^1.0.0"
      },
      "engines": {
        "node": ">=6.9.0"
      }
    },
    "node_modules/@babel/generator": {
      "version": "7.27.0",
      "resolved": "https://registry.npmjs.org/@babel/generator/-/generator-7.27.0.tgz",
      "integrity": "sha512-VybsKvpiN1gU1sdMZIp7FcqphVVKEwcuj02x73uvcHE0PTihx1nlBcowYWhDwjpoAXRv43+gDzyggGnn1XZhVw==",
      "license": "MIT",
      "dependencies": {
        "@babel/parser": "^7.27.0",
        "@babel/types": "^7.27.0",
        "@jridgewell/gen-mapping": "^0.3.5",
        "@jridgewell/trace-mapping": "^0.3.25",
        "jsesc": "^3.0.2"
      },
      "engines": {
        "node": ">=6.9.0"
      }
    },
    "node_modules/@babel/helper-annotate-as-pure": {
      "version": "7.25.9",
      "resolved": "https://registry.npmjs.org/@babel/helper-annotate-as-pure/-/helper-annotate-as-pure-7.25.9.tgz",
      "integrity": "sha512-gv7320KBUFJz1RnylIg5WWYPRXKZ884AGkYpgpWW02TH66Dl+HaC1t1CKd0z3R4b6hdYEcmrNZHUmfCP+1u3/g==",
      "license": "MIT",
      "dependencies": {
        "@babel/types": "^7.25.9"
      },
      "engines": {
        "node": ">=6.9.0"
      }
    },
    "node_modules/@babel/helper-module-imports": {
      "version": "7.25.9",
      "resolved": "https://registry.npmjs.org/@babel/helper-module-imports/-/helper-module-imports-7.25.9.tgz",
      "integrity": "sha512-tnUA4RsrmflIM6W6RFTLFSXITtl0wKjgpnLgXyowocVPrbYrLUXSBXDgTs8BlbmIzIdlBySRQjINYs2BAkiLtw==",
      "license": "MIT",
      "dependencies": {
        "@babel/traverse": "^7.25.9",
        "@babel/types": "^7.25.9"
      },
      "engines": {
        "node": ">=6.9.0"
      }
    },
    "node_modules/@babel/helper-plugin-utils": {
      "version": "7.26.5",
      "resolved": "https://registry.npmjs.org/@babel/helper-plugin-utils/-/helper-plugin-utils-7.26.5.tgz",
      "integrity": "sha512-RS+jZcRdZdRFzMyr+wcsaqOmld1/EqTghfaBGQQd/WnRdzdlvSZ//kF7U8VQTxf1ynZ4cjUcYgjVGx13ewNPMg==",
      "license": "MIT",
      "engines": {
        "node": ">=6.9.0"
      }
    },
    "node_modules/@babel/helper-string-parser": {
      "version": "7.25.9",
      "resolved": "https://registry.npmjs.org/@babel/helper-string-parser/-/helper-string-parser-7.25.9.tgz",
      "integrity": "sha512-4A/SCr/2KLd5jrtOMFzaKjVtAei3+2r/NChoBNoZ3EyP/+GlhoaEGoWOZUmFmoITP7zOJyHIMm+DYRd8o3PvHA==",
      "license": "MIT",
      "engines": {
        "node": ">=6.9.0"
      }
    },
    "node_modules/@babel/helper-validator-identifier": {
      "version": "7.25.9",
      "resolved": "https://registry.npmjs.org/@babel/helper-validator-identifier/-/helper-validator-identifier-7.25.9.tgz",
      "integrity": "sha512-Ed61U6XJc3CVRfkERJWDz4dJwKe7iLmmJsbOGu9wSloNSFttHV0I8g6UAgb7qnK5ly5bGLPd4oXZlxCdANBOWQ==",
      "license": "MIT",
      "engines": {
        "node": ">=6.9.0"
      }
    },
    "node_modules/@babel/parser": {
      "version": "7.27.0",
      "resolved": "https://registry.npmjs.org/@babel/parser/-/parser-7.27.0.tgz",
      "integrity": "sha512-iaepho73/2Pz7w2eMS0Q5f83+0RKI7i4xmiYeBmDzfRVbQtTOG7Ts0S4HzJVsTMGI9keU8rNfuZr8DKfSt7Yyg==",
      "license": "MIT",
      "dependencies": {
        "@babel/types": "^7.27.0"
      },
      "bin": {
        "parser": "bin/babel-parser.js"
      },
      "engines": {
        "node": ">=6.0.0"
      }
    },
    "node_modules/@babel/plugin-syntax-jsx": {
      "version": "7.25.9",
      "resolved": "https://registry.npmjs.org/@babel/plugin-syntax-jsx/-/plugin-syntax-jsx-7.25.9.tgz",
      "integrity": "sha512-ld6oezHQMZsZfp6pWtbjaNDF2tiiCYYDqQszHt5VV437lewP9aSi2Of99CK0D0XB21k7FLgnLcmQKyKzynfeAA==",
      "license": "MIT",
      "dependencies": {
        "@babel/helper-plugin-utils": "^7.25.9"
      },
      "engines": {
        "node": ">=6.9.0"
      },
      "peerDependencies": {
        "@babel/core": "^7.0.0-0"
      }
    },
    "node_modules/@babel/template": {
      "version": "7.27.0",
      "resolved": "https://registry.npmjs.org/@babel/template/-/template-7.27.0.tgz",
      "integrity": "sha512-2ncevenBqXI6qRMukPlXwHKHchC7RyMuu4xv5JBXRfOGVcTy1mXCD12qrp7Jsoxll1EV3+9sE4GugBVRjT2jFA==",
      "license": "MIT",
      "dependencies": {
        "@babel/code-frame": "^7.26.2",
        "@babel/parser": "^7.27.0",
        "@babel/types": "^7.27.0"
      },
      "engines": {
        "node": ">=6.9.0"
      }
    },
    "node_modules/@babel/traverse": {
      "version": "7.27.0",
      "resolved": "https://registry.npmjs.org/@babel/traverse/-/traverse-7.27.0.tgz",
      "integrity": "sha512-19lYZFzYVQkkHkl4Cy4WrAVcqBkgvV2YM2TU3xG6DIwO7O3ecbDPfW3yM3bjAGcqcQHi+CCtjMR3dIEHxsd6bA==",
      "license": "MIT",
      "dependencies": {
        "@babel/code-frame": "^7.26.2",
        "@babel/generator": "^7.27.0",
        "@babel/parser": "^7.27.0",
        "@babel/template": "^7.27.0",
        "@babel/types": "^7.27.0",
        "debug": "^4.3.1",
        "globals": "^11.1.0"
      },
      "engines": {
        "node": ">=6.9.0"
      }
    },
    "node_modules/@babel/types": {
      "version": "7.27.0",
      "resolved": "https://registry.npmjs.org/@babel/types/-/types-7.27.0.tgz",
      "integrity": "sha512-H45s8fVLYjbhFH62dIJ3WtmJ6RSPt/3DRO0ZcT2SUiYiQyz3BLVb9ADEnLl91m74aQPS3AzzeajZHYOalWe3bg==",
      "license": "MIT",
      "dependencies": {
        "@babel/helper-string-parser": "^7.25.9",
        "@babel/helper-validator-identifier": "^7.25.9"
      },
      "engines": {
        "node": ">=6.9.0"
      }
    },
    "node_modules/@emotion/is-prop-valid": {
      "version": "0.7.3",
      "resolved": "https://registry.npmjs.org/@emotion/is-prop-valid/-/is-prop-valid-0.7.3.tgz",
      "integrity": "sha512-uxJqm/sqwXw3YPA5GXX365OBcJGFtxUVkB6WyezqFHlNe9jqUWH5ur2O2M8dGBz61kn1g3ZBlzUunFQXQIClhA==",
      "license": "MIT",
      "dependencies": {
        "@emotion/memoize": "0.7.1"
      }
    },
    "node_modules/@emotion/memoize": {
      "version": "0.7.1",
      "resolved": "https://registry.npmjs.org/@emotion/memoize/-/memoize-0.7.1.tgz",
      "integrity": "sha512-Qv4LTqO11jepd5Qmlp3M1YEjBumoTHcHFdgPTQ+sFlIL5myi/7xu/POwP7IRu6odBdmLXdtIs1D6TuW6kbwbbg==",
      "license": "MIT"
    },
    "node_modules/@emotion/unitless": {
      "version": "0.7.5",
      "resolved": "https://registry.npmjs.org/@emotion/unitless/-/unitless-0.7.5.tgz",
      "integrity": "sha512-OWORNpfjMsSSUBVrRBVGECkhWcULOAJz9ZW8uK9qgxD+87M7jHRcvh/A96XXNhXTLmKcoYSQtBEX7lHMO7YRwg==",
      "license": "MIT"
    },
    "node_modules/@jridgewell/gen-mapping": {
      "version": "0.3.8",
      "resolved": "https://registry.npmjs.org/@jridgewell/gen-mapping/-/gen-mapping-0.3.8.tgz",
      "integrity": "sha512-imAbBGkb+ebQyxKgzv5Hu2nmROxoDOXHh80evxdoXNOrvAnVx7zimzc1Oo5h9RlfV4vPXaE2iM5pOFbvOCClWA==",
      "license": "MIT",
      "dependencies": {
        "@jridgewell/set-array": "^1.2.1",
        "@jridgewell/sourcemap-codec": "^1.4.10",
        "@jridgewell/trace-mapping": "^0.3.24"
      },
      "engines": {
        "node": ">=6.0.0"
      }
    },
    "node_modules/@jridgewell/resolve-uri": {
      "version": "3.1.2",
      "resolved": "https://registry.npmjs.org/@jridgewell/resolve-uri/-/resolve-uri-3.1.2.tgz",
      "integrity": "sha512-bRISgCIjP20/tbWSPWMEi54QVPRZExkuD9lJL+UIxUKtwVJA8wW1Trb1jMs1RFXo1CBTNZ/5hpC9QvmKWdopKw==",
      "license": "MIT",
      "engines": {
        "node": ">=6.0.0"
      }
    },
    "node_modules/@jridgewell/set-array": {
      "version": "1.2.1",
      "resolved": "https://registry.npmjs.org/@jridgewell/set-array/-/set-array-1.2.1.tgz",
      "integrity": "sha512-R8gLRTZeyp03ymzP/6Lil/28tGeGEzhx1q2k703KGWRAI1VdvPIXdG70VJc2pAMw3NA6JKL5hhFu1sJX0Mnn/A==",
      "license": "MIT",
      "engines": {
        "node": ">=6.0.0"
      }
    },
    "node_modules/@jridgewell/sourcemap-codec": {
      "version": "1.5.0",
      "resolved": "https://registry.npmjs.org/@jridgewell/sourcemap-codec/-/sourcemap-codec-1.5.0.tgz",
      "integrity": "sha512-gv3ZRaISU3fjPAgNsriBRqGWQL6quFx04YMPW/zD8XMLsU32mhCCbfbO6KZFLjvYpCZ8zyDEgqsgf+PwPaM7GQ==",
      "license": "MIT"
    },
    "node_modules/@jridgewell/trace-mapping": {
      "version": "0.3.25",
      "resolved": "https://registry.npmjs.org/@jridgewell/trace-mapping/-/trace-mapping-0.3.25.tgz",
      "integrity": "sha512-vNk6aEwybGtawWmy/PzwnGDOjCkLWSD2wqvjGGAgOAwCGWySYXfYoxt00IJkTF+8Lb57DwOb3Aa0o9CApepiYQ==",
      "license": "MIT",
      "dependencies": {
        "@jridgewell/resolve-uri": "^3.1.0",
        "@jridgewell/sourcemap-codec": "^1.4.14"
      }
    },
    "node_modules/babel-plugin-styled-components": {
      "version": "2.1.4",
      "resolved": "https://registry.npmjs.org/babel-plugin-styled-components/-/babel-plugin-styled-components-2.1.4.tgz",
      "integrity": "sha512-Xgp9g+A/cG47sUyRwwYxGM4bR/jDRg5N6it/8+HxCnbT5XNKSKDT9xm4oag/osgqjC2It/vH0yXsomOG6k558g==",
      "license": "MIT",
      "dependencies": {
        "@babel/helper-annotate-as-pure": "^7.22.5",
        "@babel/helper-module-imports": "^7.22.5",
        "@babel/plugin-syntax-jsx": "^7.22.5",
        "lodash": "^4.17.21",
        "picomatch": "^2.3.1"
      },
      "peerDependencies": {
        "styled-components": ">= 2"
      }
    },
    "node_modules/camelize": {
      "version": "1.0.1",
      "resolved": "https://registry.npmjs.org/camelize/-/camelize-1.0.1.tgz",
      "integrity": "sha512-dU+Tx2fsypxTgtLoE36npi3UqcjSSMNYfkqgmoEhtZrraP5VWq0K7FkWVTYa8eMPtnU/G2txVsfdCJTn9uzpuQ==",
      "license": "MIT",
      "funding": {
        "url": "https://github.com/sponsors/ljharb"
      }
    },
    "node_modules/css-color-keywords": {
      "version": "1.0.0",
      "resolved": "https://registry.npmjs.org/css-color-keywords/-/css-color-keywords-1.0.0.tgz",
      "integrity": "sha512-FyyrDHZKEjXDpNJYvVsV960FiqQyXc/LlYmsxl2BcdMb2WPx0OGRVgTg55rPSyLSNMqP52R9r8geSp7apN3Ofg==",
      "license": "ISC",
      "engines": {
        "node": ">=4"
      }
    },
    "node_modules/css-to-react-native": {
      "version": "2.3.2",
      "resolved": "https://registry.npmjs.org/css-to-react-native/-/css-to-react-native-2.3.2.tgz",
      "integrity": "sha512-VOFaeZA053BqvvvqIA8c9n0+9vFppVBAHCp6JgFTtTMU3Mzi+XnelJ9XC9ul3BqFzZyQ5N+H0SnwsWT2Ebchxw==",
      "license": "MIT",
      "dependencies": {
        "camelize": "^1.0.0",
        "css-color-keywords": "^1.0.0",
        "postcss-value-parser": "^3.3.0"
      }
    },
    "node_modules/debug": {
      "version": "4.4.0",
      "resolved": "https://registry.npmjs.org/debug/-/debug-4.4.0.tgz",
      "integrity": "sha512-6WTZ/IxCY/T6BALoZHaE4ctp9xm+Z5kY/pzYaCHRFeyVhojxlrm+46y68HA6hr0TcwEssoxNiDEUJQjfPZ/RYA==",
      "license": "MIT",
      "dependencies": {
        "ms": "^2.1.3"
      },
      "engines": {
        "node": ">=6.0"
      },
      "peerDependenciesMeta": {
        "supports-color": {
          "optional": true
        }
      }
    },
    "node_modules/globals": {
      "version": "11.12.0",
      "resolved": "https://registry.npmjs.org/globals/-/globals-11.12.0.tgz",
      "integrity": "sha512-WOBp/EEGUiIsJSp7wcv/y6MO+lV9UoncWqxuFfm8eBwzWNgyfBd6Gz+IeKQ9jCmyhoH99g15M3T+QaVHFjizVA==",
      "license": "MIT",
      "engines": {
        "node": ">=4"
      }
    },
    "node_modules/has-flag": {
      "version": "3.0.0",
      "resolved": "https://registry.npmjs.org/has-flag/-/has-flag-3.0.0.tgz",
      "integrity": "sha512-sKJf1+ceQBr4SMkvQnBDNDtf4TXpVhVGateu0t918bl30FnbE2m4vNLX+VWe/dpjlb+HugGYzW7uQXH98HPEYw==",
      "license": "MIT",
      "engines": {
        "node": ">=4"
      }
    },
    "node_modules/js-tokens": {
      "version": "4.0.0",
      "resolved": "https://registry.npmjs.org/js-tokens/-/js-tokens-4.0.0.tgz",
      "integrity": "sha512-RdJUflcE3cUzKiMqQgsCu06FPu9UdIJO0beYbPhHN4k6apgJtifcoCtT9bcxOpYBtpD2kCM6Sbzg4CausW/PKQ==",
      "license": "MIT"
    },
    "node_modules/jsesc": {
      "version": "3.1.0",
      "resolved": "https://registry.npmjs.org/jsesc/-/jsesc-3.1.0.tgz",
      "integrity": "sha512-/sM3dO2FOzXjKQhJuo0Q173wf2KOo8t4I8vHy6lF9poUp7bKT0/NHE8fPX23PwfhnykfqnC2xRxOnVw5XuGIaA==",
      "license": "MIT",
      "bin": {
        "jsesc": "bin/jsesc"
      },
      "engines": {
        "node": ">=6"
      }
    },
    "node_modules/lodash": {
      "version": "4.17.21",
      "resolved": "https://registry.npmjs.org/lodash/-/lodash-4.17.21.tgz",
      "integrity": "sha512-v2kDEe57lecTulaDIuNTPy3Ry4gLGJ6Z1O3vE1krgXZNrsQ+LFTGHVxVjcXPs17LhbZVGedAJv8XZ1tvj5FvSg==",
      "license": "MIT"
    },
    "node_modules/loose-envify": {
      "version": "1.4.0",
      "resolved": "https://registry.npmjs.org/loose-envify/-/loose-envify-1.4.0.tgz",
      "integrity": "sha512-lyuxPGr/Wfhrlem2CL/UcnUc1zcqKAImBDzukY7Y5F/yQiNdko6+fRLevlw1HgMySw7f611UIY408EtxRSoK3Q==",
      "license": "MIT",
      "dependencies": {
        "js-tokens": "^3.0.0 || ^4.0.0"
      },
      "bin": {
        "loose-envify": "cli.js"
      }
    },
    "node_modules/memoize-one": {
      "version": "5.2.1",
      "resolved": "https://registry.npmjs.org/memoize-one/-/memoize-one-5.2.1.tgz",
      "integrity": "sha512-zYiwtZUcYyXKo/np96AGZAckk+FWWsUdJ3cHGGmld7+AhvcWmQyGCYUh1hc4Q/pkOhb65dQR/pqCyK0cOaHz4Q==",
      "license": "MIT"
    },
    "node_modules/ms": {
      "version": "2.1.3",
      "resolved": "https://registry.npmjs.org/ms/-/ms-2.1.3.tgz",
      "integrity": "sha512-6FlzubTLZG3J2a/NVCAleEhjzq5oxgHyaCU9yYXvcLsvoVaHJq/s5xXI6/XXP6tz7R9xAOtHnSO/tXtF3WRTlA==",
      "license": "MIT"
    },
    "node_modules/object-assign": {
      "version": "4.1.1",
      "resolved": "https://registry.npmjs.org/object-assign/-/object-assign-4.1.1.tgz",
      "integrity": "sha512-rJgTQnkUnH1sFw8yT6VSU3zD3sWmu6sZhIseY8VX+GRu3P6F7Fu+JNDoXfklElbLJSnc3FUQHVe4cU5hj+BcUg==",
      "license": "MIT",
      "engines": {
        "node": ">=0.10.0"
      }
    },
    "node_modules/picocolors": {
      "version": "1.1.1",
      "resolved": "https://registry.npmjs.org/picocolors/-/picocolors-1.1.1.tgz",
      "integrity": "sha512-xceH2snhtb5M9liqDsmEw56le376mTZkEX/jEb/RxNFyegNul7eNslCXP9FDj/Lcu0X8KEyMceP2ntpaHrDEVA==",
      "license": "ISC"
    },
    "node_modules/picomatch": {
      "version": "2.3.1",
      "resolved": "https://registry.npmjs.org/picomatch/-/picomatch-2.3.1.tgz",
      "integrity": "sha512-JU3teHTNjmE2VCGFzuY8EXzCDVwEqB2a8fsIvwaStHhAWJEeVd1o1QD80CU6+ZdEXXSLbSsuLwJjkCBWqRQUVA==",
      "license": "MIT",
      "engines": {
        "node": ">=8.6"
      },
      "funding": {
        "url": "https://github.com/sponsors/jonschlinkert"
      }
    },
    "node_modules/postcss-value-parser": {
      "version": "3.3.1",
      "resolved": "https://registry.npmjs.org/postcss-value-parser/-/postcss-value-parser-3.3.1.tgz",
      "integrity": "sha512-pISE66AbVkp4fDQ7VHBwRNXzAAKJjw4Vw7nWI/+Q3vuly7SNfgYXvm6i5IgFylHGK5sP/xHAbB7N49OS4gWNyQ==",
      "license": "MIT"
    },
    "node_modules/prop-types": {
      "version": "15.8.1",
      "resolved": "https://registry.npmjs.org/prop-types/-/prop-types-15.8.1.tgz",
      "integrity": "sha512-oj87CgZICdulUohogVAR7AjlC0327U4el4L6eAvOqCeudMDVU0NThNaV+b9Df4dXgSP1gXMTnPdhfe/2qDH5cg==",
      "license": "MIT",
      "dependencies": {
        "loose-envify": "^1.4.0",
        "object-assign": "^4.1.1",
        "react-is": "^16.13.1"
      }
    },
    "node_modules/react": {
      "version": "16.8.6",
      "resolved": "https://registry.npmjs.org/react/-/react-16.8.6.tgz",
      "integrity": "sha512-pC0uMkhLaHm11ZSJULfOBqV4tIZkx87ZLvbbQYunNixAAvjnC+snJCg0XQXn9VIsttVsbZP/H/ewzgsd5fxKXw==",
      "license": "MIT",
      "dependencies": {
        "loose-envify": "^1.1.0",
        "object-assign": "^4.1.1",
        "prop-types": "^15.6.2",
        "scheduler": "^0.13.6"
      },
      "engines": {
        "node": ">=0.10.0"
      }
    },
    "node_modules/react-animated-dots": {
      "version": "1.1.0",
      "resolved": "https://registry.npmjs.org/react-animated-dots/-/react-animated-dots-1.1.0.tgz",
      "integrity": "sha512-sUSwLqliwp6e67CZvLfatcNFX50DN70uktWjLsGWMFqp5L/9H2g9kxtjKNVxhca7rWTC8cZBZEBPWilSyqN+ag==",
      "license": "MIT",
      "dependencies": {
        "react": "16.8.6",
        "react-dom": "16.8.6",
        "styled-components": "4.2.0"
      }
    },
    "node_modules/react-dom": {
      "version": "16.8.6",
      "resolved": "https://registry.npmjs.org/react-dom/-/react-dom-16.8.6.tgz",
      "integrity": "sha512-1nL7PIq9LTL3fthPqwkvr2zY7phIPjYrT0jp4HjyEQrEROnw4dG41VVwi/wfoCneoleqrNX7iAD+pXebJZwrwA==",
      "license": "MIT",
      "dependencies": {
        "loose-envify": "^1.1.0",
        "object-assign": "^4.1.1",
        "prop-types": "^15.6.2",
        "scheduler": "^0.13.6"
      },
      "peerDependencies": {
        "react": "^16.0.0"
      }
    },
    "node_modules/react-is": {
      "version": "16.13.1",
      "resolved": "https://registry.npmjs.org/react-is/-/react-is-16.13.1.tgz",
      "integrity": "sha512-24e6ynE2H+OKt4kqsOvNd8kBpV65zoxbA4BVsEOB3ARVWQki/DHzaUoC5KuON/BiccDaCCTZBuOcfZs70kR8bQ==",
      "license": "MIT"
    },
    "node_modules/scheduler": {
      "version": "0.13.6",
      "resolved": "https://registry.npmjs.org/scheduler/-/scheduler-0.13.6.tgz",
      "integrity": "sha512-IWnObHt413ucAYKsD9J1QShUKkbKLQQHdxRyw73sw4FN26iWr3DY/H34xGPe4nmL1DwXyWmSWmMrA9TfQbE/XQ==",
      "license": "MIT",
      "dependencies": {
        "loose-envify": "^1.1.0",
        "object-assign": "^4.1.1"
      }
    },
    "node_modules/styled-components": {
      "version": "4.2.0",
      "resolved": "https://registry.npmjs.org/styled-components/-/styled-components-4.2.0.tgz",
      "integrity": "sha512-L/LzkL3ZbBhqIVHdR7DbYujy4tqvTNRfc+4JWDCYyhTatI+8CRRQUmdaR0+ARl03DWsfKLhjewll5uNLrqrl4A==",
      "hasInstallScript": true,
      "license": "MIT",
      "dependencies": {
        "@babel/helper-module-imports": "^7.0.0",
        "@emotion/is-prop-valid": "^0.7.3",
        "@emotion/unitless": "^0.7.0",
        "babel-plugin-styled-components": ">= 1",
        "css-to-react-native": "^2.2.2",
        "memoize-one": "^5.0.0",
        "prop-types": "^15.5.4",
        "react-is": "^16.6.0",
        "stylis": "^3.5.0",
        "stylis-rule-sheet": "^0.0.10",
        "supports-color": "^5.5.0"
      },
      "peerDependencies": {
        "react": ">= 16.3.0",
        "react-dom": ">= 16.3.0"
      }
    },
    "node_modules/stylis": {
      "version": "3.5.4",
      "resolved": "https://registry.npmjs.org/stylis/-/stylis-3.5.4.tgz",
      "integrity": "sha512-8/3pSmthWM7lsPBKv7NXkzn2Uc9W7NotcwGNpJaa3k7WMM1XDCA4MgT5k/8BIexd5ydZdboXtU90XH9Ec4Bv/Q==",
      "license": "MIT"
    },
    "node_modules/stylis-rule-sheet": {
      "version": "0.0.10",
      "resolved": "https://registry.npmjs.org/stylis-rule-sheet/-/stylis-rule-sheet-0.0.10.tgz",
      "integrity": "sha512-nTbZoaqoBnmK+ptANthb10ZRZOGC+EmTLLUxeYIuHNkEKcmKgXX1XWKkUBT2Ac4es3NybooPe0SmvKdhKJZAuw==",
      "license": "MIT",
      "peerDependencies": {
        "stylis": "^3.5.0"
      }
    },
    "node_modules/supports-color": {
      "version": "5.5.0",
      "resolved": "https://registry.npmjs.org/supports-color/-/supports-color-5.5.0.tgz",
      "integrity": "sha512-QjVjwdXIt408MIiAqCX4oUKsgU2EqAGzs2Ppkm4aQYbjm+ZEWEcW4SfFNTr4uMNZma0ey4f5lgLrkB0aX0QMow==",
      "license": "MIT",
      "dependencies": {
        "has-flag": "^3.0.0"
      },
      "engines": {
        "node": ">=4"
      }
    }
  }
}
